// !$*UTF8*$!
{
	archiveVersion = 1;
	classes = {
	};
	objectVersion = 55;
	objects = {

/* Begin PBXBuildFile section */
		53BFB53428D6F96700F98B59 /* AppDelegate.m in Sources */ = {isa = PBXBuildFile; fileRef = 53BFB53328D6F96700F98B59 /* AppDelegate.m */; };
		53BFB53A28D6F96700F98B59 /* ViewController.m in Sources */ = {isa = PBXBuildFile; fileRef = 53BFB53928D6F96700F98B59 /* ViewController.m */; };
		53BFB53D28D6F96700F98B59 /* Main.storyboard in Resources */ = {isa = PBXBuildFile; fileRef = 53BFB53B28D6F96700F98B59 /* Main.storyboard */; };
		53BFB53F28D6F96900F98B59 /* Assets.xcassets in Resources */ = {isa = PBXBuildFile; fileRef = 53BFB53E28D6F96900F98B59 /* Assets.xcassets */; };
		53BFB54228D6F96900F98B59 /* LaunchScreen.storyboard in Resources */ = {isa = PBXBuildFile; fileRef = 53BFB54028D6F96900F98B59 /* LaunchScreen.storyboard */; };
		53BFB54528D6F96900F98B59 /* main.m in Sources */ = {isa = PBXBuildFile; fileRef = 53BFB54428D6F96900F98B59 /* main.m */; };
		53BFB57028D7074D00F98B59 /* AppDelegate+VoiceRoom.m in Sources */ = {isa = PBXBuildFile; fileRef = 53BFB56C28D7074C00F98B59 /* AppDelegate+VoiceRoom.m */; };
		53BFB57128D7074D00F98B59 /* AppDelegate+UIWindow.m in Sources */ = {isa = PBXBuildFile; fileRef = 53BFB56D28D7074C00F98B59 /* AppDelegate+UIWindow.m */; };
		53BFB59228D7075400F98B59 /* NEMenuViewController.m in Sources */ = {isa = PBXBuildFile; fileRef = 53BFB57528D7075400F98B59 /* NEMenuViewController.m */; };
		53BFB59328D7075400F98B59 /* NEMenuHeader.m in Sources */ = {isa = PBXBuildFile; fileRef = 53BFB57828D7075400F98B59 /* NEMenuHeader.m */; };
		53BFB59428D7075400F98B59 /* NEMenuCell.m in Sources */ = {isa = PBXBuildFile; fileRef = 53BFB57928D7075400F98B59 /* NEMenuCell.m */; };
		53BFB59528D7075400F98B59 /* NENavCustomView.m in Sources */ = {isa = PBXBuildFile; fileRef = 53BFB57A28D7075400F98B59 /* NENavCustomView.m */; };
		53BFB59628D7075400F98B59 /* NEPersonVC.m in Sources */ = {isa = PBXBuildFile; fileRef = 53BFB58028D7075400F98B59 /* NEPersonVC.m */; };
		53BFB59728D7075400F98B59 /* NEStatementVC.xib in Resources */ = {isa = PBXBuildFile; fileRef = 53BFB58128D7075400F98B59 /* NEStatementVC.xib */; };
		53BFB59828D7075400F98B59 /* NEStatementVC.m in Sources */ = {isa = PBXBuildFile; fileRef = 53BFB58328D7075400F98B59 /* NEStatementVC.m */; };
		53BFB59928D7075400F98B59 /* NEAboutViewController.m in Sources */ = {isa = PBXBuildFile; fileRef = 53BFB58428D7075400F98B59 /* NEAboutViewController.m */; };
		53BFB59A28D7075400F98B59 /* NEPersonInfoVC.m in Sources */ = {isa = PBXBuildFile; fileRef = 53BFB58528D7075400F98B59 /* NEPersonInfoVC.m */; };
		53BFB59B28D7075400F98B59 /* NENicknameVC.m in Sources */ = {isa = PBXBuildFile; fileRef = 53BFB58828D7075400F98B59 /* NENicknameVC.m */; };
		53BFB59C28D7075400F98B59 /* NEPersonTextCell.m in Sources */ = {isa = PBXBuildFile; fileRef = 53BFB58C28D7075400F98B59 /* NEPersonTextCell.m */; };
		53BFB59D28D7075400F98B59 /* NEPersonTableViewCell.m in Sources */ = {isa = PBXBuildFile; fileRef = 53BFB58D28D7075400F98B59 /* NEPersonTableViewCell.m */; };
		53BFB5C028D70F9200F98B59 /* InfoPlist.strings in Resources */ = {isa = PBXBuildFile; fileRef = 53BFB5C228D70F9200F98B59 /* InfoPlist.strings */; };
		53BFB5CA28D7105100F98B59 /* Localizable.strings in Resources */ = {isa = PBXBuildFile; fileRef = 53BFB5CC28D7105100F98B59 /* Localizable.strings */; };
		53CB3A0928E2DA6200C3F194 /* playing.json in Resources */ = {isa = PBXBuildFile; fileRef = 53CB3A0828E2DA6200C3F194 /* playing.json */; };
		ED2C6DD628E3F10800440A32 /* NEPersonTableViewDataCenterCell.m in Sources */ = {isa = PBXBuildFile; fileRef = ED2C6DD528E3F10800440A32 /* NEPersonTableViewDataCenterCell.m */; };
		ED2C6DDC28E3F20600440A32 /* NEPersonView.m in Sources */ = {isa = PBXBuildFile; fileRef = ED2C6DDB28E3F20600440A32 /* NEPersonView.m */; };
		ED2C6DDF28E3F20F00440A32 /* NEPersonDataCenterView.m in Sources */ = {isa = PBXBuildFile; fileRef = ED2C6DDE28E3F20F00440A32 /* NEPersonDataCenterView.m */; };
		FE06BFA85D706797B077DEF1 /* Pods_LiveAudioRoom.framework in Frameworks */ = {isa = PBXBuildFile; fileRef = 5468F34E67967D7E45A126A8 /* Pods_LiveAudioRoom.framework */; };
/* End PBXBuildFile section */

/* Begin PBXContainerItemProxy section */
		53BFB54B28D6F96900F98B59 /* PBXContainerItemProxy */ = {
			isa = PBXContainerItemProxy;
			containerPortal = 53BFB52728D6F96700F98B59 /* Project object */;
			proxyType = 1;
			remoteGlobalIDString = 53BFB52E28D6F96700F98B59;
			remoteInfo = LiveAudioRoom;
		};
		53BFB55528D6F96900F98B59 /* PBXContainerItemProxy */ = {
			isa = PBXContainerItemProxy;
			containerPortal = 53BFB52728D6F96700F98B59 /* Project object */;
			proxyType = 1;
			remoteGlobalIDString = 53BFB52E28D6F96700F98B59;
			remoteInfo = LiveAudioRoom;
		};
/* End PBXContainerItemProxy section */

/* Begin PBXFileReference section */
		491290B86A134A23D9288442 /* Pods-LiveAudioRoom.debug.xcconfig */ = {isa = PBXFileReference; includeInIndex = 1; lastKnownFileType = text.xcconfig; name = "Pods-LiveAudioRoom.debug.xcconfig"; path = "Target Support Files/Pods-LiveAudioRoom/Pods-LiveAudioRoom.debug.xcconfig"; sourceTree = "<group>"; };
		53BFB52F28D6F96700F98B59 /* LiveAudioRoom.app */ = {isa = PBXFileReference; explicitFileType = wrapper.application; includeInIndex = 0; path = LiveAudioRoom.app; sourceTree = BUILT_PRODUCTS_DIR; };
		53BFB53228D6F96700F98B59 /* AppDelegate.h */ = {isa = PBXFileReference; lastKnownFileType = sourcecode.c.h; path = AppDelegate.h; sourceTree = "<group>"; };
		53BFB53328D6F96700F98B59 /* AppDelegate.m */ = {isa = PBXFileReference; lastKnownFileType = sourcecode.c.objc; path = AppDelegate.m; sourceTree = "<group>"; };
		53BFB53828D6F96700F98B59 /* ViewController.h */ = {isa = PBXFileReference; lastKnownFileType = sourcecode.c.h; path = ViewController.h; sourceTree = "<group>"; };
		53BFB53928D6F96700F98B59 /* ViewController.m */ = {isa = PBXFileReference; lastKnownFileType = sourcecode.c.objc; path = ViewController.m; sourceTree = "<group>"; };
		53BFB53C28D6F96700F98B59 /* Base */ = {isa = PBXFileReference; lastKnownFileType = file.storyboard; name = Base; path = Base.lproj/Main.storyboard; sourceTree = "<group>"; };
		53BFB53E28D6F96900F98B59 /* Assets.xcassets */ = {isa = PBXFileReference; lastKnownFileType = folder.assetcatalog; path = Assets.xcassets; sourceTree = "<group>"; };
		53BFB54128D6F96900F98B59 /* Base */ = {isa = PBXFileReference; lastKnownFileType = file.storyboard; name = Base; path = Base.lproj/LaunchScreen.storyboard; sourceTree = "<group>"; };
		53BFB54328D6F96900F98B59 /* Info.plist */ = {isa = PBXFileReference; lastKnownFileType = text.plist.xml; path = Info.plist; sourceTree = "<group>"; };
		53BFB54428D6F96900F98B59 /* main.m */ = {isa = PBXFileReference; lastKnownFileType = sourcecode.c.objc; path = main.m; sourceTree = "<group>"; };
		53BFB54A28D6F96900F98B59 /* LiveAudioRoomTests.xctest */ = {isa = PBXFileReference; explicitFileType = wrapper.cfbundle; includeInIndex = 0; path = LiveAudioRoomTests.xctest; sourceTree = BUILT_PRODUCTS_DIR; };
		53BFB55428D6F96900F98B59 /* LiveAudioRoomUITests.xctest */ = {isa = PBXFileReference; explicitFileType = wrapper.cfbundle; includeInIndex = 0; path = LiveAudioRoomUITests.xctest; sourceTree = BUILT_PRODUCTS_DIR; };
		53BFB56928D7074C00F98B59 /* NTESChatroomDefine.h */ = {isa = PBXFileReference; fileEncoding = 4; lastKnownFileType = sourcecode.c.h; path = NTESChatroomDefine.h; sourceTree = "<group>"; };
		53BFB56A28D7074C00F98B59 /* AppKey.h */ = {isa = PBXFileReference; fileEncoding = 4; lastKnownFileType = sourcecode.c.h; path = AppKey.h; sourceTree = "<group>"; };
		53BFB56C28D7074C00F98B59 /* AppDelegate+VoiceRoom.m */ = {isa = PBXFileReference; fileEncoding = 4; lastKnownFileType = sourcecode.c.objc; path = "AppDelegate+VoiceRoom.m"; sourceTree = "<group>"; };
		53BFB56D28D7074C00F98B59 /* AppDelegate+UIWindow.m */ = {isa = PBXFileReference; fileEncoding = 4; lastKnownFileType = sourcecode.c.objc; path = "AppDelegate+UIWindow.m"; sourceTree = "<group>"; };
		53BFB56E28D7074C00F98B59 /* AppDelegate+VoiceRoom.h */ = {isa = PBXFileReference; fileEncoding = 4; lastKnownFileType = sourcecode.c.h; path = "AppDelegate+VoiceRoom.h"; sourceTree = "<group>"; };
		53BFB56F28D7074C00F98B59 /* AppDelegate+UIWindow.h */ = {isa = PBXFileReference; fileEncoding = 4; lastKnownFileType = sourcecode.c.h; path = "AppDelegate+UIWindow.h"; sourceTree = "<group>"; };
		53BFB57528D7075400F98B59 /* NEMenuViewController.m */ = {isa = PBXFileReference; fileEncoding = 4; lastKnownFileType = sourcecode.c.objc; path = NEMenuViewController.m; sourceTree = "<group>"; };
		53BFB57628D7075400F98B59 /* NEMenuViewController.h */ = {isa = PBXFileReference; fileEncoding = 4; lastKnownFileType = sourcecode.c.h; path = NEMenuViewController.h; sourceTree = "<group>"; };
		53BFB57828D7075400F98B59 /* NEMenuHeader.m */ = {isa = PBXFileReference; fileEncoding = 4; lastKnownFileType = sourcecode.c.objc; path = NEMenuHeader.m; sourceTree = "<group>"; };
		53BFB57928D7075400F98B59 /* NEMenuCell.m */ = {isa = PBXFileReference; fileEncoding = 4; lastKnownFileType = sourcecode.c.objc; path = NEMenuCell.m; sourceTree = "<group>"; };
		53BFB57A28D7075400F98B59 /* NENavCustomView.m */ = {isa = PBXFileReference; fileEncoding = 4; lastKnownFileType = sourcecode.c.objc; path = NENavCustomView.m; sourceTree = "<group>"; };
		53BFB57B28D7075400F98B59 /* NEMenuHeader.h */ = {isa = PBXFileReference; fileEncoding = 4; lastKnownFileType = sourcecode.c.h; path = NEMenuHeader.h; sourceTree = "<group>"; };
		53BFB57C28D7075400F98B59 /* NEMenuCell.h */ = {isa = PBXFileReference; fileEncoding = 4; lastKnownFileType = sourcecode.c.h; path = NEMenuCell.h; sourceTree = "<group>"; };
		53BFB57D28D7075400F98B59 /* NENavCustomView.h */ = {isa = PBXFileReference; fileEncoding = 4; lastKnownFileType = sourcecode.c.h; path = NENavCustomView.h; sourceTree = "<group>"; };
		53BFB58028D7075400F98B59 /* NEPersonVC.m */ = {isa = PBXFileReference; fileEncoding = 4; lastKnownFileType = sourcecode.c.objc; path = NEPersonVC.m; sourceTree = "<group>"; };
		53BFB58128D7075400F98B59 /* NEStatementVC.xib */ = {isa = PBXFileReference; fileEncoding = 4; lastKnownFileType = file.xib; path = NEStatementVC.xib; sourceTree = "<group>"; };
		53BFB58228D7075400F98B59 /* NENicknameVC.h */ = {isa = PBXFileReference; fileEncoding = 4; lastKnownFileType = sourcecode.c.h; path = NENicknameVC.h; sourceTree = "<group>"; };
		53BFB58328D7075400F98B59 /* NEStatementVC.m */ = {isa = PBXFileReference; fileEncoding = 4; lastKnownFileType = sourcecode.c.objc; path = NEStatementVC.m; sourceTree = "<group>"; };
		53BFB58428D7075400F98B59 /* NEAboutViewController.m */ = {isa = PBXFileReference; fileEncoding = 4; lastKnownFileType = sourcecode.c.objc; path = NEAboutViewController.m; sourceTree = "<group>"; };
		53BFB58528D7075400F98B59 /* NEPersonInfoVC.m */ = {isa = PBXFileReference; fileEncoding = 4; lastKnownFileType = sourcecode.c.objc; path = NEPersonInfoVC.m; sourceTree = "<group>"; };
		53BFB58628D7075400F98B59 /* NEPersonVC.h */ = {isa = PBXFileReference; fileEncoding = 4; lastKnownFileType = sourcecode.c.h; path = NEPersonVC.h; sourceTree = "<group>"; };
		53BFB58728D7075400F98B59 /* NEStatementVC.h */ = {isa = PBXFileReference; fileEncoding = 4; lastKnownFileType = sourcecode.c.h; path = NEStatementVC.h; sourceTree = "<group>"; };
		53BFB58828D7075400F98B59 /* NENicknameVC.m */ = {isa = PBXFileReference; fileEncoding = 4; lastKnownFileType = sourcecode.c.objc; path = NENicknameVC.m; sourceTree = "<group>"; };
		53BFB58928D7075400F98B59 /* NEPersonInfoVC.h */ = {isa = PBXFileReference; fileEncoding = 4; lastKnownFileType = sourcecode.c.h; path = NEPersonInfoVC.h; sourceTree = "<group>"; };
		53BFB58A28D7075400F98B59 /* NEAboutViewController.h */ = {isa = PBXFileReference; fileEncoding = 4; lastKnownFileType = sourcecode.c.h; path = NEAboutViewController.h; sourceTree = "<group>"; };
		53BFB58C28D7075400F98B59 /* NEPersonTextCell.m */ = {isa = PBXFileReference; fileEncoding = 4; lastKnownFileType = sourcecode.c.objc; path = NEPersonTextCell.m; sourceTree = "<group>"; };
		53BFB58D28D7075400F98B59 /* NEPersonTableViewCell.m */ = {isa = PBXFileReference; fileEncoding = 4; lastKnownFileType = sourcecode.c.objc; path = NEPersonTableViewCell.m; sourceTree = "<group>"; };
		53BFB58F28D7075400F98B59 /* NEPersonTextCell.h */ = {isa = PBXFileReference; fileEncoding = 4; lastKnownFileType = sourcecode.c.h; path = NEPersonTextCell.h; sourceTree = "<group>"; };
		53BFB59128D7075400F98B59 /* NEPersonTableViewCell.h */ = {isa = PBXFileReference; fileEncoding = 4; lastKnownFileType = sourcecode.c.h; path = NEPersonTableViewCell.h; sourceTree = "<group>"; };
		53BFB5BA28D70E4600F98B59 /* zh-Hans */ = {isa = PBXFileReference; lastKnownFileType = text.plist.strings; name = "zh-Hans"; path = "zh-Hans.lproj/Main.strings"; sourceTree = "<group>"; };
		53BFB5BB28D70E4700F98B59 /* zh-Hans */ = {isa = PBXFileReference; lastKnownFileType = text.plist.strings; name = "zh-Hans"; path = "zh-Hans.lproj/LaunchScreen.strings"; sourceTree = "<group>"; };
		53BFB5C128D70F9200F98B59 /* en */ = {isa = PBXFileReference; lastKnownFileType = text.plist.strings; name = en; path = en.lproj/InfoPlist.strings; sourceTree = "<group>"; };
		53BFB5C328D70F9500F98B59 /* zh-Hans */ = {isa = PBXFileReference; lastKnownFileType = text.plist.strings; name = "zh-Hans"; path = "zh-Hans.lproj/InfoPlist.strings"; sourceTree = "<group>"; };
		53BFB5C528D70FA000F98B59 /* en */ = {isa = PBXFileReference; lastKnownFileType = text.plist.strings; name = en; path = en.lproj/Main.strings; sourceTree = "<group>"; };
		53BFB5C728D70FA700F98B59 /* en */ = {isa = PBXFileReference; lastKnownFileType = text.plist.strings; name = en; path = en.lproj/LaunchScreen.strings; sourceTree = "<group>"; };
		53BFB5CB28D7105100F98B59 /* en */ = {isa = PBXFileReference; lastKnownFileType = text.plist.strings; name = en; path = en.lproj/Localizable.strings; sourceTree = "<group>"; };
		53BFB5CD28D7105300F98B59 /* zh-Hans */ = {isa = PBXFileReference; lastKnownFileType = text.plist.strings; name = "zh-Hans"; path = "zh-Hans.lproj/Localizable.strings"; sourceTree = "<group>"; };
		53CB3A0828E2DA6200C3F194 /* playing.json */ = {isa = PBXFileReference; fileEncoding = 4; lastKnownFileType = text.json; path = playing.json; sourceTree = "<group>"; };
		5468F34E67967D7E45A126A8 /* Pods_LiveAudioRoom.framework */ = {isa = PBXFileReference; explicitFileType = wrapper.framework; includeInIndex = 0; path = Pods_LiveAudioRoom.framework; sourceTree = BUILT_PRODUCTS_DIR; };
		A9A0F14026A43F848F758BC1 /* Pods-LiveAudioRoom.release.xcconfig */ = {isa = PBXFileReference; includeInIndex = 1; lastKnownFileType = text.xcconfig; name = "Pods-LiveAudioRoom.release.xcconfig"; path = "Target Support Files/Pods-LiveAudioRoom/Pods-LiveAudioRoom.release.xcconfig"; sourceTree = "<group>"; };
		ED2C6DD428E3F10800440A32 /* NEPersonTableViewDataCenterCell.h */ = {isa = PBXFileReference; lastKnownFileType = sourcecode.c.h; path = NEPersonTableViewDataCenterCell.h; sourceTree = "<group>"; };
		ED2C6DD528E3F10800440A32 /* NEPersonTableViewDataCenterCell.m */ = {isa = PBXFileReference; lastKnownFileType = sourcecode.c.objc; path = NEPersonTableViewDataCenterCell.m; sourceTree = "<group>"; };
		ED2C6DDA28E3F20600440A32 /* NEPersonView.h */ = {isa = PBXFileReference; fileEncoding = 4; lastKnownFileType = sourcecode.c.h; path = NEPersonView.h; sourceTree = "<group>"; };
		ED2C6DDB28E3F20600440A32 /* NEPersonView.m */ = {isa = PBXFileReference; fileEncoding = 4; lastKnownFileType = sourcecode.c.objc; path = NEPersonView.m; sourceTree = "<group>"; };
		ED2C6DDD28E3F20F00440A32 /* NEPersonDataCenterView.h */ = {isa = PBXFileReference; lastKnownFileType = sourcecode.c.h; path = NEPersonDataCenterView.h; sourceTree = "<group>"; };
		ED2C6DDE28E3F20F00440A32 /* NEPersonDataCenterView.m */ = {isa = PBXFileReference; lastKnownFileType = sourcecode.c.objc; path = NEPersonDataCenterView.m; sourceTree = "<group>"; };
/* End PBXFileReference section */

/* Begin PBXFrameworksBuildPhase section */
		53BFB52C28D6F96700F98B59 /* Frameworks */ = {
			isa = PBXFrameworksBuildPhase;
			buildActionMask = 2147483647;
			files = (
				FE06BFA85D706797B077DEF1 /* Pods_LiveAudioRoom.framework in Frameworks */,
			);
			runOnlyForDeploymentPostprocessing = 0;
		};
		53BFB54728D6F96900F98B59 /* Frameworks */ = {
			isa = PBXFrameworksBuildPhase;
			buildActionMask = 2147483647;
			files = (
			);
			runOnlyForDeploymentPostprocessing = 0;
		};
		53BFB55128D6F96900F98B59 /* Frameworks */ = {
			isa = PBXFrameworksBuildPhase;
			buildActionMask = 2147483647;
			files = (
			);
			runOnlyForDeploymentPostprocessing = 0;
		};
/* End PBXFrameworksBuildPhase section */

/* Begin PBXGroup section */
		1E02BD73B716212F769A7C6A /* Frameworks */ = {
			isa = PBXGroup;
			children = (
				5468F34E67967D7E45A126A8 /* Pods_LiveAudioRoom.framework */,
			);
			name = Frameworks;
			sourceTree = "<group>";
		};
		53BFB52628D6F96700F98B59 = {
			isa = PBXGroup;
			children = (
				53BFB53128D6F96700F98B59 /* LiveAudioRoom */,
				53BFB53028D6F96700F98B59 /* Products */,
				1E02BD73B716212F769A7C6A /* Frameworks */,
				DB75714B7B770D4A0A9208F0 /* Pods */,
			);
			sourceTree = "<group>";
		};
		53BFB53028D6F96700F98B59 /* Products */ = {
			isa = PBXGroup;
			children = (
				53BFB52F28D6F96700F98B59 /* LiveAudioRoom.app */,
				53BFB54A28D6F96900F98B59 /* LiveAudioRoomTests.xctest */,
				53BFB55428D6F96900F98B59 /* LiveAudioRoomUITests.xctest */,
			);
			name = Products;
			sourceTree = "<group>";
		};
		53BFB53128D6F96700F98B59 /* LiveAudioRoom */ = {
			isa = PBXGroup;
			children = (
				53BFB57228D7075400F98B59 /* Feature */,
				53BFB56728D7074C00F98B59 /* AppEnv */,
				53BFB53228D6F96700F98B59 /* AppDelegate.h */,
				53BFB53328D6F96700F98B59 /* AppDelegate.m */,
				53BFB53828D6F96700F98B59 /* ViewController.h */,
				53BFB53928D6F96700F98B59 /* ViewController.m */,
				53BFB53B28D6F96700F98B59 /* Main.storyboard */,
				53BFB53E28D6F96900F98B59 /* Assets.xcassets */,
				53BFB54028D6F96900F98B59 /* LaunchScreen.storyboard */,
				53BFB54328D6F96900F98B59 /* Info.plist */,
				53CB3A0828E2DA6200C3F194 /* playing.json */,
				53BFB5C228D70F9200F98B59 /* InfoPlist.strings */,
				53BFB54428D6F96900F98B59 /* main.m */,
				53BFB5CC28D7105100F98B59 /* Localizable.strings */,
			);
			path = LiveAudioRoom;
			sourceTree = "<group>";
		};
		53BFB56728D7074C00F98B59 /* AppEnv */ = {
			isa = PBXGroup;
			children = (
				53BFB56828D7074C00F98B59 /* Define */,
				53BFB56B28D7074C00F98B59 /* Category */,
			);
			path = AppEnv;
			sourceTree = "<group>";
		};
		53BFB56828D7074C00F98B59 /* Define */ = {
			isa = PBXGroup;
			children = (
				53BFB56928D7074C00F98B59 /* NTESChatroomDefine.h */,
				53BFB56A28D7074C00F98B59 /* AppKey.h */,
			);
			path = Define;
			sourceTree = "<group>";
		};
		53BFB56B28D7074C00F98B59 /* Category */ = {
			isa = PBXGroup;
			children = (
				53BFB56E28D7074C00F98B59 /* AppDelegate+VoiceRoom.h */,
				53BFB56C28D7074C00F98B59 /* AppDelegate+VoiceRoom.m */,
				53BFB56F28D7074C00F98B59 /* AppDelegate+UIWindow.h */,
				53BFB56D28D7074C00F98B59 /* AppDelegate+UIWindow.m */,
			);
			path = Category;
			sourceTree = "<group>";
		};
		53BFB57228D7075400F98B59 /* Feature */ = {
			isa = PBXGroup;
			children = (
				53BFB57328D7075400F98B59 /* Home */,
				53BFB57E28D7075400F98B59 /* Center */,
			);
			path = Feature;
			sourceTree = "<group>";
		};
		53BFB57328D7075400F98B59 /* Home */ = {
			isa = PBXGroup;
			children = (
				53BFB57428D7075400F98B59 /* VC */,
				53BFB57728D7075400F98B59 /* View */,
			);
			path = Home;
			sourceTree = "<group>";
		};
		53BFB57428D7075400F98B59 /* VC */ = {
			isa = PBXGroup;
			children = (
				53BFB57628D7075400F98B59 /* NEMenuViewController.h */,
				53BFB57528D7075400F98B59 /* NEMenuViewController.m */,
			);
			path = VC;
			sourceTree = "<group>";
		};
		53BFB57728D7075400F98B59 /* View */ = {
			isa = PBXGroup;
			children = (
				53BFB57B28D7075400F98B59 /* NEMenuHeader.h */,
				53BFB57828D7075400F98B59 /* NEMenuHeader.m */,
				53BFB57928D7075400F98B59 /* NEMenuCell.m */,
				53BFB57A28D7075400F98B59 /* NENavCustomView.m */,
				53BFB57C28D7075400F98B59 /* NEMenuCell.h */,
				53BFB57D28D7075400F98B59 /* NENavCustomView.h */,
			);
			path = View;
			sourceTree = "<group>";
		};
		53BFB57E28D7075400F98B59 /* Center */ = {
			isa = PBXGroup;
			children = (
				53BFB57F28D7075400F98B59 /* VC */,
				53BFB58B28D7075400F98B59 /* View */,
			);
			path = Center;
			sourceTree = "<group>";
		};
		53BFB57F28D7075400F98B59 /* VC */ = {
			isa = PBXGroup;
			children = (
				53BFB58228D7075400F98B59 /* NENicknameVC.h */,
				53BFB58828D7075400F98B59 /* NENicknameVC.m */,
				53BFB58728D7075400F98B59 /* NEStatementVC.h */,
				53BFB58328D7075400F98B59 /* NEStatementVC.m */,
				53BFB58128D7075400F98B59 /* NEStatementVC.xib */,
				53BFB58928D7075400F98B59 /* NEPersonInfoVC.h */,
				53BFB58528D7075400F98B59 /* NEPersonInfoVC.m */,
				53BFB58628D7075400F98B59 /* NEPersonVC.h */,
				53BFB58028D7075400F98B59 /* NEPersonVC.m */,
				53BFB58A28D7075400F98B59 /* NEAboutViewController.h */,
				53BFB58428D7075400F98B59 /* NEAboutViewController.m */,
			);
			path = VC;
			sourceTree = "<group>";
		};
		53BFB58B28D7075400F98B59 /* View */ = {
			isa = PBXGroup;
			children = (
				53BFB59128D7075400F98B59 /* NEPersonTableViewCell.h */,
				53BFB58D28D7075400F98B59 /* NEPersonTableViewCell.m */,
				ED2C6DD428E3F10800440A32 /* NEPersonTableViewDataCenterCell.h */,
				ED2C6DD528E3F10800440A32 /* NEPersonTableViewDataCenterCell.m */,
				ED2C6DDA28E3F20600440A32 /* NEPersonView.h */,
				ED2C6DDB28E3F20600440A32 /* NEPersonView.m */,
				ED2C6DDD28E3F20F00440A32 /* NEPersonDataCenterView.h */,
				ED2C6DDE28E3F20F00440A32 /* NEPersonDataCenterView.m */,
				53BFB58F28D7075400F98B59 /* NEPersonTextCell.h */,
				53BFB58C28D7075400F98B59 /* NEPersonTextCell.m */,
			);
			path = View;
			sourceTree = "<group>";
		};
		DB75714B7B770D4A0A9208F0 /* Pods */ = {
			isa = PBXGroup;
			children = (
				491290B86A134A23D9288442 /* Pods-LiveAudioRoom.debug.xcconfig */,
				A9A0F14026A43F848F758BC1 /* Pods-LiveAudioRoom.release.xcconfig */,
			);
			path = Pods;
			sourceTree = "<group>";
		};
/* End PBXGroup section */

/* Begin PBXNativeTarget section */
		53BFB52E28D6F96700F98B59 /* LiveAudioRoom */ = {
			isa = PBXNativeTarget;
			buildConfigurationList = 53BFB55E28D6F96900F98B59 /* Build configuration list for PBXNativeTarget "LiveAudioRoom" */;
			buildPhases = (
				4C59699CC9E1A871DD0A88A6 /* [CP] Check Pods Manifest.lock */,
				53BFB52B28D6F96700F98B59 /* Sources */,
				53BFB52C28D6F96700F98B59 /* Frameworks */,
				53BFB52D28D6F96700F98B59 /* Resources */,
				14AB6519D2D9D86D519EBD25 /* [CP] Embed Pods Frameworks */,
			);
			buildRules = (
			);
			dependencies = (
			);
			name = LiveAudioRoom;
			productName = LiveAudioRoom;
			productReference = 53BFB52F28D6F96700F98B59 /* LiveAudioRoom.app */;
			productType = "com.apple.product-type.application";
		};
		53BFB54928D6F96900F98B59 /* LiveAudioRoomTests */ = {
			isa = PBXNativeTarget;
			buildConfigurationList = 53BFB56128D6F96900F98B59 /* Build configuration list for PBXNativeTarget "LiveAudioRoomTests" */;
			buildPhases = (
				53BFB54628D6F96900F98B59 /* Sources */,
				53BFB54728D6F96900F98B59 /* Frameworks */,
				53BFB54828D6F96900F98B59 /* Resources */,
			);
			buildRules = (
			);
			dependencies = (
				53BFB54C28D6F96900F98B59 /* PBXTargetDependency */,
			);
			name = LiveAudioRoomTests;
			productName = LiveAudioRoomTests;
			productReference = 53BFB54A28D6F96900F98B59 /* LiveAudioRoomTests.xctest */;
			productType = "com.apple.product-type.bundle.unit-test";
		};
		53BFB55328D6F96900F98B59 /* LiveAudioRoomUITests */ = {
			isa = PBXNativeTarget;
			buildConfigurationList = 53BFB56428D6F96900F98B59 /* Build configuration list for PBXNativeTarget "LiveAudioRoomUITests" */;
			buildPhases = (
				53BFB55028D6F96900F98B59 /* Sources */,
				53BFB55128D6F96900F98B59 /* Frameworks */,
				53BFB55228D6F96900F98B59 /* Resources */,
			);
			buildRules = (
			);
			dependencies = (
				53BFB55628D6F96900F98B59 /* PBXTargetDependency */,
			);
			name = LiveAudioRoomUITests;
			productName = LiveAudioRoomUITests;
			productReference = 53BFB55428D6F96900F98B59 /* LiveAudioRoomUITests.xctest */;
			productType = "com.apple.product-type.bundle.ui-testing";
		};
/* End PBXNativeTarget section */

/* Begin PBXProject section */
		53BFB52728D6F96700F98B59 /* Project object */ = {
			isa = PBXProject;
			attributes = {
				BuildIndependentTargetsInParallel = 1;
				LastUpgradeCheck = 1340;
				TargetAttributes = {
					53BFB52E28D6F96700F98B59 = {
						CreatedOnToolsVersion = 13.4.1;
					};
					53BFB54928D6F96900F98B59 = {
						CreatedOnToolsVersion = 13.4.1;
						TestTargetID = 53BFB52E28D6F96700F98B59;
					};
					53BFB55328D6F96900F98B59 = {
						CreatedOnToolsVersion = 13.4.1;
						TestTargetID = 53BFB52E28D6F96700F98B59;
					};
				};
			};
			buildConfigurationList = 53BFB52A28D6F96700F98B59 /* Build configuration list for PBXProject "LiveAudioRoom" */;
			compatibilityVersion = "Xcode 13.0";
			developmentRegion = en;
			hasScannedForEncodings = 0;
			knownRegions = (
				en,
				Base,
				"zh-Hans",
			);
			mainGroup = 53BFB52628D6F96700F98B59;
			productRefGroup = 53BFB53028D6F96700F98B59 /* Products */;
			projectDirPath = "";
			projectRoot = "";
			targets = (
				53BFB52E28D6F96700F98B59 /* LiveAudioRoom */,
				53BFB54928D6F96900F98B59 /* LiveAudioRoomTests */,
				53BFB55328D6F96900F98B59 /* LiveAudioRoomUITests */,
			);
		};
/* End PBXProject section */

/* Begin PBXResourcesBuildPhase section */
		53BFB52D28D6F96700F98B59 /* Resources */ = {
			isa = PBXResourcesBuildPhase;
			buildActionMask = 2147483647;
			files = (
				53BFB54228D6F96900F98B59 /* LaunchScreen.storyboard in Resources */,
				53BFB5CA28D7105100F98B59 /* Localizable.strings in Resources */,
				53BFB53F28D6F96900F98B59 /* Assets.xcassets in Resources */,
				53CB3A0928E2DA6200C3F194 /* playing.json in Resources */,
				53BFB53D28D6F96700F98B59 /* Main.storyboard in Resources */,
				53BFB59728D7075400F98B59 /* NEStatementVC.xib in Resources */,
				53BFB5C028D70F9200F98B59 /* InfoPlist.strings in Resources */,
			);
			runOnlyForDeploymentPostprocessing = 0;
		};
		53BFB54828D6F96900F98B59 /* Resources */ = {
			isa = PBXResourcesBuildPhase;
			buildActionMask = 2147483647;
			files = (
			);
			runOnlyForDeploymentPostprocessing = 0;
		};
		53BFB55228D6F96900F98B59 /* Resources */ = {
			isa = PBXResourcesBuildPhase;
			buildActionMask = 2147483647;
			files = (
			);
			runOnlyForDeploymentPostprocessing = 0;
		};
/* End PBXResourcesBuildPhase section */

/* Begin PBXShellScriptBuildPhase section */
		14AB6519D2D9D86D519EBD25 /* [CP] Embed Pods Frameworks */ = {
			isa = PBXShellScriptBuildPhase;
			buildActionMask = 2147483647;
			files = (
			);
			inputFileListPaths = (
				"${PODS_ROOT}/Target Support Files/Pods-LiveAudioRoom/Pods-LiveAudioRoom-frameworks-${CONFIGURATION}-input-files.xcfilelist",
			);
			name = "[CP] Embed Pods Frameworks";
			outputFileListPaths = (
				"${PODS_ROOT}/Target Support Files/Pods-LiveAudioRoom/Pods-LiveAudioRoom-frameworks-${CONFIGURATION}-output-files.xcfilelist",
			);
			runOnlyForDeploymentPostprocessing = 0;
			shellPath = /bin/sh;
			shellScript = "\"${PODS_ROOT}/Target Support Files/Pods-LiveAudioRoom/Pods-LiveAudioRoom-frameworks.sh\"\n";
			showEnvVarsInLog = 0;
		};
		4C59699CC9E1A871DD0A88A6 /* [CP] Check Pods Manifest.lock */ = {
			isa = PBXShellScriptBuildPhase;
			buildActionMask = 2147483647;
			files = (
			);
			inputFileListPaths = (
			);
			inputPaths = (
				"${PODS_PODFILE_DIR_PATH}/Podfile.lock",
				"${PODS_ROOT}/Manifest.lock",
			);
			name = "[CP] Check Pods Manifest.lock";
			outputFileListPaths = (
			);
			outputPaths = (
				"$(DERIVED_FILE_DIR)/Pods-LiveAudioRoom-checkManifestLockResult.txt",
			);
			runOnlyForDeploymentPostprocessing = 0;
			shellPath = /bin/sh;
			shellScript = "diff \"${PODS_PODFILE_DIR_PATH}/Podfile.lock\" \"${PODS_ROOT}/Manifest.lock\" > /dev/null\nif [ $? != 0 ] ; then\n    # print error to STDERR\n    echo \"error: The sandbox is not in sync with the Podfile.lock. Run 'pod install' or update your CocoaPods installation.\" >&2\n    exit 1\nfi\n# This output is used by Xcode 'outputs' to avoid re-running this script phase.\necho \"SUCCESS\" > \"${SCRIPT_OUTPUT_FILE_0}\"\n";
			showEnvVarsInLog = 0;
		};
/* End PBXShellScriptBuildPhase section */

/* Begin PBXSourcesBuildPhase section */
		53BFB52B28D6F96700F98B59 /* Sources */ = {
			isa = PBXSourcesBuildPhase;
			buildActionMask = 2147483647;
			files = (
				53BFB59628D7075400F98B59 /* NEPersonVC.m in Sources */,
				53BFB59B28D7075400F98B59 /* NENicknameVC.m in Sources */,
				53BFB57028D7074D00F98B59 /* AppDelegate+VoiceRoom.m in Sources */,
				ED2C6DD628E3F10800440A32 /* NEPersonTableViewDataCenterCell.m in Sources */,
				53BFB59528D7075400F98B59 /* NENavCustomView.m in Sources */,
				53BFB59928D7075400F98B59 /* NEAboutViewController.m in Sources */,
				ED2C6DDC28E3F20600440A32 /* NEPersonView.m in Sources */,
				53BFB53A28D6F96700F98B59 /* ViewController.m in Sources */,
				53BFB57128D7074D00F98B59 /* AppDelegate+UIWindow.m in Sources */,
				53BFB59328D7075400F98B59 /* NEMenuHeader.m in Sources */,
				53BFB53428D6F96700F98B59 /* AppDelegate.m in Sources */,
				ED2C6DDF28E3F20F00440A32 /* NEPersonDataCenterView.m in Sources */,
				53BFB59228D7075400F98B59 /* NEMenuViewController.m in Sources */,
				53BFB59828D7075400F98B59 /* NEStatementVC.m in Sources */,
				53BFB59A28D7075400F98B59 /* NEPersonInfoVC.m in Sources */,
				53BFB59C28D7075400F98B59 /* NEPersonTextCell.m in Sources */,
				53BFB54528D6F96900F98B59 /* main.m in Sources */,
				53BFB59428D7075400F98B59 /* NEMenuCell.m in Sources */,
				53BFB59D28D7075400F98B59 /* NEPersonTableViewCell.m in Sources */,
			);
			runOnlyForDeploymentPostprocessing = 0;
		};
		53BFB54628D6F96900F98B59 /* Sources */ = {
			isa = PBXSourcesBuildPhase;
			buildActionMask = 2147483647;
			files = (
			);
			runOnlyForDeploymentPostprocessing = 0;
		};
		53BFB55028D6F96900F98B59 /* Sources */ = {
			isa = PBXSourcesBuildPhase;
			buildActionMask = 2147483647;
			files = (
			);
			runOnlyForDeploymentPostprocessing = 0;
		};
/* End PBXSourcesBuildPhase section */

/* Begin PBXTargetDependency section */
		53BFB54C28D6F96900F98B59 /* PBXTargetDependency */ = {
			isa = PBXTargetDependency;
			target = 53BFB52E28D6F96700F98B59 /* LiveAudioRoom */;
			targetProxy = 53BFB54B28D6F96900F98B59 /* PBXContainerItemProxy */;
		};
		53BFB55628D6F96900F98B59 /* PBXTargetDependency */ = {
			isa = PBXTargetDependency;
			target = 53BFB52E28D6F96700F98B59 /* LiveAudioRoom */;
			targetProxy = 53BFB55528D6F96900F98B59 /* PBXContainerItemProxy */;
		};
/* End PBXTargetDependency section */

/* Begin PBXVariantGroup section */
		53BFB53B28D6F96700F98B59 /* Main.storyboard */ = {
			isa = PBXVariantGroup;
			children = (
				53BFB53C28D6F96700F98B59 /* Base */,
				53BFB5BA28D70E4600F98B59 /* zh-Hans */,
				53BFB5C528D70FA000F98B59 /* en */,
			);
			name = Main.storyboard;
			sourceTree = "<group>";
		};
		53BFB54028D6F96900F98B59 /* LaunchScreen.storyboard */ = {
			isa = PBXVariantGroup;
			children = (
				53BFB54128D6F96900F98B59 /* Base */,
				53BFB5BB28D70E4700F98B59 /* zh-Hans */,
				53BFB5C728D70FA700F98B59 /* en */,
			);
			name = LaunchScreen.storyboard;
			sourceTree = "<group>";
		};
		53BFB5C228D70F9200F98B59 /* InfoPlist.strings */ = {
			isa = PBXVariantGroup;
			children = (
				53BFB5C128D70F9200F98B59 /* en */,
				53BFB5C328D70F9500F98B59 /* zh-Hans */,
			);
			name = InfoPlist.strings;
			sourceTree = "<group>";
		};
		53BFB5CC28D7105100F98B59 /* Localizable.strings */ = {
			isa = PBXVariantGroup;
			children = (
				53BFB5CB28D7105100F98B59 /* en */,
				53BFB5CD28D7105300F98B59 /* zh-Hans */,
			);
			name = Localizable.strings;
			sourceTree = "<group>";
		};
/* End PBXVariantGroup section */

/* Begin XCBuildConfiguration section */
		53BFB55C28D6F96900F98B59 /* Debug */ = {
			isa = XCBuildConfiguration;
			buildSettings = {
				ALWAYS_SEARCH_USER_PATHS = NO;
				CLANG_ANALYZER_LOCALIZABILITY_NONLOCALIZED = YES;
				CLANG_ANALYZER_NONNULL = YES;
				CLANG_ANALYZER_NUMBER_OBJECT_CONVERSION = YES_AGGRESSIVE;
				CLANG_CXX_LANGUAGE_STANDARD = "gnu++17";
				CLANG_ENABLE_MODULES = YES;
				CLANG_ENABLE_OBJC_ARC = YES;
				CLANG_ENABLE_OBJC_WEAK = YES;
				CLANG_WARN_BLOCK_CAPTURE_AUTORELEASING = YES;
				CLANG_WARN_BOOL_CONVERSION = YES;
				CLANG_WARN_COMMA = YES;
				CLANG_WARN_CONSTANT_CONVERSION = YES;
				CLANG_WARN_DEPRECATED_OBJC_IMPLEMENTATIONS = YES;
				CLANG_WARN_DIRECT_OBJC_ISA_USAGE = YES_ERROR;
				CLANG_WARN_DOCUMENTATION_COMMENTS = YES;
				CLANG_WARN_EMPTY_BODY = YES;
				CLANG_WARN_ENUM_CONVERSION = YES;
				CLANG_WARN_INFINITE_RECURSION = YES;
				CLANG_WARN_INT_CONVERSION = YES;
				CLANG_WARN_NON_LITERAL_NULL_CONVERSION = YES;
				CLANG_WARN_OBJC_IMPLICIT_RETAIN_SELF = YES;
				CLANG_WARN_OBJC_LITERAL_CONVERSION = YES;
				CLANG_WARN_OBJC_ROOT_CLASS = YES_ERROR;
				CLANG_WARN_QUOTED_INCLUDE_IN_FRAMEWORK_HEADER = YES;
				CLANG_WARN_RANGE_LOOP_ANALYSIS = YES;
				CLANG_WARN_STRICT_PROTOTYPES = YES;
				CLANG_WARN_SUSPICIOUS_MOVE = YES;
				CLANG_WARN_UNGUARDED_AVAILABILITY = YES_AGGRESSIVE;
				CLANG_WARN_UNREACHABLE_CODE = YES;
				CLANG_WARN__DUPLICATE_METHOD_MATCH = YES;
				COPY_PHASE_STRIP = NO;
				DEBUG_INFORMATION_FORMAT = dwarf;
				ENABLE_STRICT_OBJC_MSGSEND = YES;
				ENABLE_TESTABILITY = YES;
				GCC_C_LANGUAGE_STANDARD = gnu11;
				GCC_DYNAMIC_NO_PIC = NO;
				GCC_NO_COMMON_BLOCKS = YES;
				GCC_OPTIMIZATION_LEVEL = 0;
				GCC_PREPROCESSOR_DEFINITIONS = (
					"DEBUG=1",
					"$(inherited)",
				);
				GCC_WARN_64_TO_32_BIT_CONVERSION = YES;
				GCC_WARN_ABOUT_RETURN_TYPE = YES_ERROR;
				GCC_WARN_UNDECLARED_SELECTOR = YES;
				GCC_WARN_UNINITIALIZED_AUTOS = YES_AGGRESSIVE;
				GCC_WARN_UNUSED_FUNCTION = YES;
				GCC_WARN_UNUSED_VARIABLE = YES;
				IPHONEOS_DEPLOYMENT_TARGET = 10.0;
				MTL_ENABLE_DEBUG_INFO = INCLUDE_SOURCE;
				MTL_FAST_MATH = YES;
				ONLY_ACTIVE_ARCH = YES;
				SDKROOT = iphoneos;
			};
			name = Debug;
		};
		53BFB55D28D6F96900F98B59 /* Release */ = {
			isa = XCBuildConfiguration;
			buildSettings = {
				ALWAYS_SEARCH_USER_PATHS = NO;
				CLANG_ANALYZER_LOCALIZABILITY_NONLOCALIZED = YES;
				CLANG_ANALYZER_NONNULL = YES;
				CLANG_ANALYZER_NUMBER_OBJECT_CONVERSION = YES_AGGRESSIVE;
				CLANG_CXX_LANGUAGE_STANDARD = "gnu++17";
				CLANG_ENABLE_MODULES = YES;
				CLANG_ENABLE_OBJC_ARC = YES;
				CLANG_ENABLE_OBJC_WEAK = YES;
				CLANG_WARN_BLOCK_CAPTURE_AUTORELEASING = YES;
				CLANG_WARN_BOOL_CONVERSION = YES;
				CLANG_WARN_COMMA = YES;
				CLANG_WARN_CONSTANT_CONVERSION = YES;
				CLANG_WARN_DEPRECATED_OBJC_IMPLEMENTATIONS = YES;
				CLANG_WARN_DIRECT_OBJC_ISA_USAGE = YES_ERROR;
				CLANG_WARN_DOCUMENTATION_COMMENTS = YES;
				CLANG_WARN_EMPTY_BODY = YES;
				CLANG_WARN_ENUM_CONVERSION = YES;
				CLANG_WARN_INFINITE_RECURSION = YES;
				CLANG_WARN_INT_CONVERSION = YES;
				CLANG_WARN_NON_LITERAL_NULL_CONVERSION = YES;
				CLANG_WARN_OBJC_IMPLICIT_RETAIN_SELF = YES;
				CLANG_WARN_OBJC_LITERAL_CONVERSION = YES;
				CLANG_WARN_OBJC_ROOT_CLASS = YES_ERROR;
				CLANG_WARN_QUOTED_INCLUDE_IN_FRAMEWORK_HEADER = YES;
				CLANG_WARN_RANGE_LOOP_ANALYSIS = YES;
				CLANG_WARN_STRICT_PROTOTYPES = YES;
				CLANG_WARN_SUSPICIOUS_MOVE = YES;
				CLANG_WARN_UNGUARDED_AVAILABILITY = YES_AGGRESSIVE;
				CLANG_WARN_UNREACHABLE_CODE = YES;
				CLANG_WARN__DUPLICATE_METHOD_MATCH = YES;
				COPY_PHASE_STRIP = NO;
				DEBUG_INFORMATION_FORMAT = "dwarf-with-dsym";
				ENABLE_NS_ASSERTIONS = NO;
				ENABLE_STRICT_OBJC_MSGSEND = YES;
				GCC_C_LANGUAGE_STANDARD = gnu11;
				GCC_NO_COMMON_BLOCKS = YES;
				GCC_WARN_64_TO_32_BIT_CONVERSION = YES;
				GCC_WARN_ABOUT_RETURN_TYPE = YES_ERROR;
				GCC_WARN_UNDECLARED_SELECTOR = YES;
				GCC_WARN_UNINITIALIZED_AUTOS = YES_AGGRESSIVE;
				GCC_WARN_UNUSED_FUNCTION = YES;
				GCC_WARN_UNUSED_VARIABLE = YES;
				IPHONEOS_DEPLOYMENT_TARGET = 10.0;
				MTL_ENABLE_DEBUG_INFO = NO;
				MTL_FAST_MATH = YES;
				SDKROOT = iphoneos;
				VALIDATE_PRODUCT = YES;
			};
			name = Release;
		};
		53BFB55F28D6F96900F98B59 /* Debug */ = {
			isa = XCBuildConfiguration;
			baseConfigurationReference = 491290B86A134A23D9288442 /* Pods-LiveAudioRoom.debug.xcconfig */;
			buildSettings = {
				ASSETCATALOG_COMPILER_APPICON_NAME = AppIcon;
				ASSETCATALOG_COMPILER_GLOBAL_ACCENT_COLOR_NAME = AccentColor;
				CODE_SIGN_IDENTITY = "Apple Development";
				CODE_SIGN_STYLE = Automatic;
				CURRENT_PROJECT_VERSION = 6;
				DEVELOPMENT_TEAM = 569GNZ5392;
				ENABLE_BITCODE = NO;
				GENERATE_INFOPLIST_FILE = YES;
				INFOPLIST_FILE = LiveAudioRoom/Info.plist;
				INFOPLIST_KEY_UIApplicationSupportsIndirectInputEvents = YES;
				INFOPLIST_KEY_UILaunchStoryboardName = LaunchScreen;
				INFOPLIST_KEY_UIMainStoryboardFile = Main;
				INFOPLIST_KEY_UISupportedInterfaceOrientations_iPad = "UIInterfaceOrientationPortrait UIInterfaceOrientationPortraitUpsideDown UIInterfaceOrientationLandscapeLeft UIInterfaceOrientationLandscapeRight";
				INFOPLIST_KEY_UISupportedInterfaceOrientations_iPhone = "UIInterfaceOrientationPortrait UIInterfaceOrientationLandscapeLeft UIInterfaceOrientationLandscapeRight";
				LD_RUNPATH_SEARCH_PATHS = (
					"$(inherited)",
					"@executable_path/Frameworks",
				);
				MARKETING_VERSION = 3.4.1;
				PRODUCT_BUNDLE_IDENTIFIER = com.netease.yunxin.app.chatroom;
				PRODUCT_NAME = "$(TARGET_NAME)";
				PROVISIONING_PROFILE_SPECIFIER = "";
				SWIFT_EMIT_LOC_STRINGS = YES;
				TARGETED_DEVICE_FAMILY = "1,2";
			};
			name = Debug;
		};
		53BFB56028D6F96900F98B59 /* Release */ = {
			isa = XCBuildConfiguration;
			baseConfigurationReference = A9A0F14026A43F848F758BC1 /* Pods-LiveAudioRoom.release.xcconfig */;
			buildSettings = {
				ASSETCATALOG_COMPILER_APPICON_NAME = AppIcon;
				ASSETCATALOG_COMPILER_GLOBAL_ACCENT_COLOR_NAME = AccentColor;
				CODE_SIGN_IDENTITY = "Apple Development";
				CODE_SIGN_STYLE = Automatic;
				CURRENT_PROJECT_VERSION = 6;
				DEVELOPMENT_TEAM = 569GNZ5392;
				ENABLE_BITCODE = NO;
				GENERATE_INFOPLIST_FILE = YES;
				INFOPLIST_FILE = LiveAudioRoom/Info.plist;
				INFOPLIST_KEY_UIApplicationSupportsIndirectInputEvents = YES;
				INFOPLIST_KEY_UILaunchStoryboardName = LaunchScreen;
				INFOPLIST_KEY_UIMainStoryboardFile = Main;
				INFOPLIST_KEY_UISupportedInterfaceOrientations_iPad = "UIInterfaceOrientationPortrait UIInterfaceOrientationPortraitUpsideDown UIInterfaceOrientationLandscapeLeft UIInterfaceOrientationLandscapeRight";
				INFOPLIST_KEY_UISupportedInterfaceOrientations_iPhone = "UIInterfaceOrientationPortrait UIInterfaceOrientationLandscapeLeft UIInterfaceOrientationLandscapeRight";
				LD_RUNPATH_SEARCH_PATHS = (
					"$(inherited)",
					"@executable_path/Frameworks",
				);
				MARKETING_VERSION = 3.4.1;
				PRODUCT_BUNDLE_IDENTIFIER = com.netease.yunxin.app.chatroom;
				PRODUCT_NAME = "$(TARGET_NAME)";
				PROVISIONING_PROFILE_SPECIFIER = "";
				SWIFT_EMIT_LOC_STRINGS = YES;
				TARGETED_DEVICE_FAMILY = "1,2";
			};
			name = Release;
		};
		53BFB56228D6F96900F98B59 /* Debug */ = {
			isa = XCBuildConfiguration;
			buildSettings = {
				BUNDLE_LOADER = "$(TEST_HOST)";
				CODE_SIGN_STYLE = Automatic;
				CURRENT_PROJECT_VERSION = 1;
				DEVELOPMENT_TEAM = 569GNZ5392;
				GENERATE_INFOPLIST_FILE = YES;
				IPHONEOS_DEPLOYMENT_TARGET = 15.5;
				MARKETING_VERSION = 1.0;
				PRODUCT_BUNDLE_IDENTIFIER = com.DynamicDemo.LiveAudioRoomTests;
				PRODUCT_NAME = "$(TARGET_NAME)";
				SWIFT_EMIT_LOC_STRINGS = NO;
				TARGETED_DEVICE_FAMILY = "1,2";
				TEST_HOST = "$(BUILT_PRODUCTS_DIR)/LiveAudioRoom.app/LiveAudioRoom";
			};
			name = Debug;
		};
		53BFB56328D6F96900F98B59 /* Release */ = {
			isa = XCBuildConfiguration;
			buildSettings = {
				BUNDLE_LOADER = "$(TEST_HOST)";
				CODE_SIGN_STYLE = Automatic;
				CURRENT_PROJECT_VERSION = 1;
				DEVELOPMENT_TEAM = 569GNZ5392;
				GENERATE_INFOPLIST_FILE = YES;
				IPHONEOS_DEPLOYMENT_TARGET = 15.5;
				MARKETING_VERSION = 1.0;
				PRODUCT_BUNDLE_IDENTIFIER = com.DynamicDemo.LiveAudioRoomTests;
				PRODUCT_NAME = "$(TARGET_NAME)";
				SWIFT_EMIT_LOC_STRINGS = NO;
				TARGETED_DEVICE_FAMILY = "1,2";
				TEST_HOST = "$(BUILT_PRODUCTS_DIR)/LiveAudioRoom.app/LiveAudioRoom";
			};
			name = Release;
		};
		53BFB56528D6F96900F98B59 /* Debug */ = {
			isa = XCBuildConfiguration;
			buildSettings = {
				CODE_SIGN_STYLE = Automatic;
				CURRENT_PROJECT_VERSION = 1;
				DEVELOPMENT_TEAM = 569GNZ5392;
				GENERATE_INFOPLIST_FILE = YES;
				MARKETING_VERSION = 1.0;
				PRODUCT_BUNDLE_IDENTIFIER = com.DynamicDemo.LiveAudioRoomUITests;
				PRODUCT_NAME = "$(TARGET_NAME)";
				SWIFT_EMIT_LOC_STRINGS = NO;
				TARGETED_DEVICE_FAMILY = "1,2";
				TEST_TARGET_NAME = LiveAudioRoom;
			};
			name = Debug;
		};
		53BFB56628D6F96900F98B59 /* Release */ = {
			isa = XCBuildConfiguration;
			buildSettings = {
				CODE_SIGN_STYLE = Automatic;
				CURRENT_PROJECT_VERSION = 1;
				DEVELOPMENT_TEAM = 569GNZ5392;
				GENERATE_INFOPLIST_FILE = YES;
				MARKETING_VERSION = 1.0;
				PRODUCT_BUNDLE_IDENTIFIER = com.DynamicDemo.LiveAudioRoomUITests;
				PRODUCT_NAME = "$(TARGET_NAME)";
				SWIFT_EMIT_LOC_STRINGS = NO;
				TARGETED_DEVICE_FAMILY = "1,2";
				TEST_TARGET_NAME = LiveAudioRoom;
			};
			name = Release;
		};
/* End XCBuildConfiguration section */

/* Begin XCConfigurationList section */
		53BFB52A28D6F96700F98B59 /* Build configuration list for PBXProject "LiveAudioRoom" */ = {
			isa = XCConfigurationList;
			buildConfigurations = (
				53BFB55C28D6F96900F98B59 /* Debug */,
				53BFB55D28D6F96900F98B59 /* Release */,
			);
			defaultConfigurationIsVisible = 0;
			defaultConfigurationName = Release;
		};
		53BFB55E28D6F96900F98B59 /* Build configuration list for PBXNativeTarget "LiveAudioRoom" */ = {
			isa = XCConfigurationList;
			buildConfigurations = (
				53BFB55F28D6F96900F98B59 /* Debug */,
				53BFB56028D6F96900F98B59 /* Release */,
			);
			defaultConfigurationIsVisible = 0;
			defaultConfigurationName = Release;
		};
		53BFB56128D6F96900F98B59 /* Build configuration list for PBXNativeTarget "LiveAudioRoomTests" */ = {
			isa = XCConfigurationList;
			buildConfigurations = (
				53BFB56228D6F96900F98B59 /* Debug */,
				53BFB56328D6F96900F98B59 /* Release */,
			);
			defaultConfigurationIsVisible = 0;
			defaultConfigurationName = Release;
		};
		53BFB56428D6F96900F98B59 /* Build configuration list for PBXNativeTarget "LiveAudioRoomUITests" */ = {
			isa = XCConfigurationList;
			buildConfigurations = (
				53BFB56528D6F96900F98B59 /* Debug */,
				53BFB56628D6F96900F98B59 /* Release */,
			);
			defaultConfigurationIsVisible = 0;
			defaultConfigurationName = Release;
		};
/* End XCConfigurationList section */
	};
	rootObject = 53BFB52728D6F96700F98B59 /* Project object */;
}
