// !$*UTF8*$!
{
	archiveVersion = 1;
	classes = {
	};
	objectVersion = 55;
	objects = {

/* Begin PBXBuildFile section */
		018E5D90067E7CEE13144770 /* Pods_LiveAudioRoom.framework in Frameworks */ = {isa = PBXBuildFile; fileRef = DF0953B18064C7A2CF843CAF /* Pods_LiveAudioRoom.framework */; };
		5E29361629B19FB100E61FA5 /* voiceRoom.json in Resources */ = {isa = PBXBuildFile; fileRef = 5E29361329B19FB100E61FA5 /* voiceRoom.json */; };
		5E29F84629BEED170009E0EA /* NPTNetworkDetailView.swift in Sources */ = {isa = PBXBuildFile; fileRef = 5E29F84529BEED170009E0EA /* NPTNetworkDetailView.swift */; };
		5E29F84829BF08990009E0EA /* NPTReachability.swift in Sources */ = {isa = PBXBuildFile; fileRef = 5E29F84729BF08990009E0EA /* NPTReachability.swift */; };
		5E38407F29DAA88E00B4A1E6 /* InfoPlist.strings in Resources */ = {isa = PBXBuildFile; fileRef = 5E38407D29DAA88E00B4A1E6 /* InfoPlist.strings */; };
		5E38408229DAF7F600B4A1E6 /* NPTAboutViewController.swift in Sources */ = {isa = PBXBuildFile; fileRef = 5E38408129DAF7F600B4A1E6 /* NPTAboutViewController.swift */; };
		5E5E55F329C89366008838C6 /* NPTUserAgreementWindow.swift in Sources */ = {isa = PBXBuildFile; fileRef = 5E5E55F229C89366008838C6 /* NPTUserAgreementWindow.swift */; };
		5E67E66C29B57E55003D6AC2 /* NPTWebViewController.swift in Sources */ = {isa = PBXBuildFile; fileRef = 5E67E66B29B57E55003D6AC2 /* NPTWebViewController.swift */; };
		5E67E67429B5FE71003D6AC2 /* Device+Extension.swift in Sources */ = {isa = PBXBuildFile; fileRef = 5E67E67329B5FE71003D6AC2 /* Device+Extension.swift */; };
		5E6D1F752A09F97B003AA115 /* NPTBlackListViewController.swift in Sources */ = {isa = PBXBuildFile; fileRef = 5E6D1F742A09F97B003AA115 /* NPTBlackListViewController.swift */; };
		5E73C2C429AE01AF00868D97 /* AppDelegate.swift in Sources */ = {isa = PBXBuildFile; fileRef = 5E73C2C329AE01AF00868D97 /* AppDelegate.swift */; };
		5E73C2C829AE01AF00868D97 /* NPTHomeViewController.swift in Sources */ = {isa = PBXBuildFile; fileRef = 5E73C2C729AE01AF00868D97 /* NPTHomeViewController.swift */; };
		5E73C2CD29AE01B200868D97 /* Assets.xcassets in Resources */ = {isa = PBXBuildFile; fileRef = 5E73C2CC29AE01B200868D97 /* Assets.xcassets */; };
		5E73C2D029AE01B200868D97 /* LaunchScreen.storyboard in Resources */ = {isa = PBXBuildFile; fileRef = 5E73C2CE29AE01B200868D97 /* LaunchScreen.storyboard */; };
		5E73C2D829AE0D2700868D97 /* NPTFeedbackViewController.swift in Sources */ = {isa = PBXBuildFile; fileRef = 5E73C2D729AE0D2700868D97 /* NPTFeedbackViewController.swift */; };
		5EE29FA329B038BF008EF538 /* NPTCheckBox.swift in Sources */ = {isa = PBXBuildFile; fileRef = 5EE29FA229B038BF008EF538 /* NPTCheckBox.swift */; };
		5EE29FA629B06E19008EF538 /* String+Extension.swift in Sources */ = {isa = PBXBuildFile; fileRef = 5EE29FA529B06E19008EF538 /* String+Extension.swift */; };
		5EE29FA929B06EB4008EF538 /* Localizable.strings in Resources */ = {isa = PBXBuildFile; fileRef = 5EE29FAB29B06EB4008EF538 /* Localizable.strings */; };
		5EE29FB029B07B47008EF538 /* NPTPersonViewController.swift in Sources */ = {isa = PBXBuildFile; fileRef = 5EE29FAF29B07B47008EF538 /* NPTPersonViewController.swift */; };
		5EE29FB529B0A524008EF538 /* NPTNormalSettingViewController.swift in Sources */ = {isa = PBXBuildFile; fileRef = 5EE29FB429B0A524008EF538 /* NPTNormalSettingViewController.swift */; };
		5EE29FB729B0AA74008EF538 /* Color+Extension.swift in Sources */ = {isa = PBXBuildFile; fileRef = 5EE29FB629B0AA74008EF538 /* Color+Extension.swift */; };
		EDCBACA22A6E207600589F75 /* AppKey.swift in Sources */ = {isa = PBXBuildFile; fileRef = EDCBACA12A6E207600589F75 /* AppKey.swift */; };
		EDCBACA42A6E4D1B00589F75 /* Configs.swift in Sources */ = {isa = PBXBuildFile; fileRef = EDCBACA32A6E4D1B00589F75 /* Configs.swift */; };
/* End PBXBuildFile section */

/* Begin PBXFileReference section */
		5E29361329B19FB100E61FA5 /* voiceRoom.json */ = {isa = PBXFileReference; fileEncoding = 4; lastKnownFileType = text.json; path = voiceRoom.json; sourceTree = "<group>"; };
		5E29F84529BEED170009E0EA /* NPTNetworkDetailView.swift */ = {isa = PBXFileReference; lastKnownFileType = sourcecode.swift; path = NPTNetworkDetailView.swift; sourceTree = "<group>"; };
		5E29F84729BF08990009E0EA /* NPTReachability.swift */ = {isa = PBXFileReference; lastKnownFileType = sourcecode.swift; path = NPTReachability.swift; sourceTree = "<group>"; };
		5E38407E29DAA88E00B4A1E6 /* zh-Hans */ = {isa = PBXFileReference; lastKnownFileType = text.plist.strings; name = "zh-Hans"; path = "zh-Hans.lproj/InfoPlist.strings"; sourceTree = "<group>"; };
		5E38408029DAA89A00B4A1E6 /* en */ = {isa = PBXFileReference; lastKnownFileType = text.plist.strings; name = en; path = en.lproj/InfoPlist.strings; sourceTree = "<group>"; };
		5E38408129DAF7F600B4A1E6 /* NPTAboutViewController.swift */ = {isa = PBXFileReference; lastKnownFileType = sourcecode.swift; path = NPTAboutViewController.swift; sourceTree = "<group>"; };
		5E560EC029D3DEFB00193879 /* LiveAudioRoom-Bridging-Header.h */ = {isa = PBXFileReference; lastKnownFileType = sourcecode.c.h; path = "LiveAudioRoom-Bridging-Header.h"; sourceTree = "<group>"; };
		5E5E55F229C89366008838C6 /* NPTUserAgreementWindow.swift */ = {isa = PBXFileReference; lastKnownFileType = sourcecode.swift; path = NPTUserAgreementWindow.swift; sourceTree = "<group>"; };
		5E67E66B29B57E55003D6AC2 /* NPTWebViewController.swift */ = {isa = PBXFileReference; lastKnownFileType = sourcecode.swift; path = NPTWebViewController.swift; sourceTree = "<group>"; };
		5E67E67329B5FE71003D6AC2 /* Device+Extension.swift */ = {isa = PBXFileReference; lastKnownFileType = sourcecode.swift; path = "Device+Extension.swift"; sourceTree = "<group>"; };
		5E6D1F742A09F97B003AA115 /* NPTBlackListViewController.swift */ = {isa = PBXFileReference; lastKnownFileType = sourcecode.swift; path = NPTBlackListViewController.swift; sourceTree = "<group>"; };
		5E73C2C029AE01AF00868D97 /* LiveAudioRoom.app */ = {isa = PBXFileReference; explicitFileType = wrapper.application; includeInIndex = 0; path = LiveAudioRoom.app; sourceTree = BUILT_PRODUCTS_DIR; };
		5E73C2C329AE01AF00868D97 /* AppDelegate.swift */ = {isa = PBXFileReference; lastKnownFileType = sourcecode.swift; path = AppDelegate.swift; sourceTree = "<group>"; };
		5E73C2C729AE01AF00868D97 /* NPTHomeViewController.swift */ = {isa = PBXFileReference; lastKnownFileType = sourcecode.swift; path = NPTHomeViewController.swift; sourceTree = "<group>"; };
		5E73C2CC29AE01B200868D97 /* Assets.xcassets */ = {isa = PBXFileReference; lastKnownFileType = folder.assetcatalog; path = Assets.xcassets; sourceTree = "<group>"; };
		5E73C2CF29AE01B200868D97 /* Base */ = {isa = PBXFileReference; lastKnownFileType = file.storyboard; name = Base; path = Base.lproj/LaunchScreen.storyboard; sourceTree = "<group>"; };
		5E73C2D129AE01B200868D97 /* Info.plist */ = {isa = PBXFileReference; lastKnownFileType = text.plist.xml; path = Info.plist; sourceTree = "<group>"; };
		5E73C2D729AE0D2700868D97 /* NPTFeedbackViewController.swift */ = {isa = PBXFileReference; lastKnownFileType = sourcecode.swift; path = NPTFeedbackViewController.swift; sourceTree = "<group>"; };
		5EE29FA229B038BF008EF538 /* NPTCheckBox.swift */ = {isa = PBXFileReference; lastKnownFileType = sourcecode.swift; path = NPTCheckBox.swift; sourceTree = "<group>"; };
		5EE29FA529B06E19008EF538 /* String+Extension.swift */ = {isa = PBXFileReference; lastKnownFileType = sourcecode.swift; path = "String+Extension.swift"; sourceTree = "<group>"; };
		5EE29FAA29B06EB4008EF538 /* en */ = {isa = PBXFileReference; lastKnownFileType = text.plist.strings; name = en; path = en.lproj/Localizable.strings; sourceTree = "<group>"; };
		5EE29FAD29B06F08008EF538 /* zh-Hans */ = {isa = PBXFileReference; lastKnownFileType = text.plist.strings; name = "zh-Hans"; path = "zh-Hans.lproj/LaunchScreen.strings"; sourceTree = "<group>"; };
		5EE29FAE29B06F08008EF538 /* zh-Hans */ = {isa = PBXFileReference; lastKnownFileType = text.plist.strings; name = "zh-Hans"; path = "zh-Hans.lproj/Localizable.strings"; sourceTree = "<group>"; };
		5EE29FAF29B07B47008EF538 /* NPTPersonViewController.swift */ = {isa = PBXFileReference; lastKnownFileType = sourcecode.swift; path = NPTPersonViewController.swift; sourceTree = "<group>"; };
		5EE29FB429B0A524008EF538 /* NPTNormalSettingViewController.swift */ = {isa = PBXFileReference; lastKnownFileType = sourcecode.swift; path = NPTNormalSettingViewController.swift; sourceTree = "<group>"; };
		5EE29FB629B0AA74008EF538 /* Color+Extension.swift */ = {isa = PBXFileReference; lastKnownFileType = sourcecode.swift; path = "Color+Extension.swift"; sourceTree = "<group>"; };
		82276D255B993A4C9566E58C /* Pods-LiveAudioRoom.debug.xcconfig */ = {isa = PBXFileReference; includeInIndex = 1; lastKnownFileType = text.xcconfig; name = "Pods-LiveAudioRoom.debug.xcconfig"; path = "Target Support Files/Pods-LiveAudioRoom/Pods-LiveAudioRoom.debug.xcconfig"; sourceTree = "<group>"; };
		DF0953B18064C7A2CF843CAF /* Pods_LiveAudioRoom.framework */ = {isa = PBXFileReference; explicitFileType = wrapper.framework; includeInIndex = 0; path = Pods_LiveAudioRoom.framework; sourceTree = BUILT_PRODUCTS_DIR; };
		E069689C0C6FB810219FE19C /* Pods-LiveAudioRoom.release.xcconfig */ = {isa = PBXFileReference; includeInIndex = 1; lastKnownFileType = text.xcconfig; name = "Pods-LiveAudioRoom.release.xcconfig"; path = "Target Support Files/Pods-LiveAudioRoom/Pods-LiveAudioRoom.release.xcconfig"; sourceTree = "<group>"; };
		EDBA568029CAFBDC008EA1FB /* LiveAudioRoomDebug.entitlements */ = {isa = PBXFileReference; lastKnownFileType = text.plist.entitlements; path = LiveAudioRoomDebug.entitlements; sourceTree = "<group>"; };
		EDC17AE029D67F29002516BE /* LiveAudioRoomRelease.entitlements */ = {isa = PBXFileReference; lastKnownFileType = text.plist.entitlements; path = LiveAudioRoomRelease.entitlements; sourceTree = "<group>"; };
		EDCBACA12A6E207600589F75 /* AppKey.swift */ = {isa = PBXFileReference; lastKnownFileType = sourcecode.swift; path = AppKey.swift; sourceTree = "<group>"; };
		EDCBACA32A6E4D1B00589F75 /* Configs.swift */ = {isa = PBXFileReference; lastKnownFileType = sourcecode.swift; path = Configs.swift; sourceTree = "<group>"; };
/* End PBXFileReference section */

/* Begin PBXFrameworksBuildPhase section */
		5E73C2BD29AE01AF00868D97 /* Frameworks */ = {
			isa = PBXFrameworksBuildPhase;
			buildActionMask = 2147483647;
			files = (
				018E5D90067E7CEE13144770 /* Pods_LiveAudioRoom.framework in Frameworks */,
			);
			runOnlyForDeploymentPostprocessing = 0;
		};
/* End PBXFrameworksBuildPhase section */

/* Begin PBXGroup section */
		0B566A116882FAB65AB7E668 /* Pods */ = {
			isa = PBXGroup;
			children = (
				82276D255B993A4C9566E58C /* Pods-LiveAudioRoom.debug.xcconfig */,
				E069689C0C6FB810219FE19C /* Pods-LiveAudioRoom.release.xcconfig */,
			);
			path = Pods;
			sourceTree = "<group>";
		};
		5E29361029B19F9E00E61FA5 /* Source */ = {
			isa = PBXGroup;
			children = (
				5E29361329B19FB100E61FA5 /* voiceRoom.json */,
			);
			path = Source;
			sourceTree = "<group>";
		};
		5E73C2B729AE01AF00868D97 = {
			isa = PBXGroup;
			children = (
				5E73C2C229AE01AF00868D97 /* LiveAudioRoom */,
				5E73C2C129AE01AF00868D97 /* Products */,
				FCC5B1B0125DEEC4B233B2BA /* Frameworks */,
				0B566A116882FAB65AB7E668 /* Pods */,
			);
			sourceTree = "<group>";
		};
		5E73C2C129AE01AF00868D97 /* Products */ = {
			isa = PBXGroup;
			children = (
				5E73C2C029AE01AF00868D97 /* LiveAudioRoom.app */,
			);
			name = Products;
			sourceTree = "<group>";
		};
		5E73C2C229AE01AF00868D97 /* LiveAudioRoom */ = {
			isa = PBXGroup;
			children = (
				EDC17AE029D67F29002516BE /* LiveAudioRoomRelease.entitlements */,
				EDBA568029CAFBDC008EA1FB /* LiveAudioRoomDebug.entitlements */,
				5E38407D29DAA88E00B4A1E6 /* InfoPlist.strings */,
				5E73C2D129AE01B200868D97 /* Info.plist */,
				5E73C2C329AE01AF00868D97 /* AppDelegate.swift */,
				EDCBACA32A6E4D1B00589F75 /* Configs.swift */,
				EDCBACA12A6E207600589F75 /* AppKey.swift */,
				5E73C2CC29AE01B200868D97 /* Assets.xcassets */,
				5EEDA1DA29BF221900FDD10F /* Home */,
				5E73C2CE29AE01B200868D97 /* LaunchScreen.storyboard */,
				5EE29FAB29B06EB4008EF538 /* Localizable.strings */,
				5EE29FB129B09E4A008EF538 /* Person */,
				5E7F020B29B8608600AF28C8 /* Reporter */,
				5E29361029B19F9E00E61FA5 /* Source */,
				5EE29FA429B06E04008EF538 /* Utils */,
			);
			path = LiveAudioRoom;
			sourceTree = "<group>";
		};
		5E7F020B29B8608600AF28C8 /* Reporter */ = {
			isa = PBXGroup;
			children = (
				5E560EC029D3DEFB00193879 /* LiveAudioRoom-Bridging-Header.h */,
			);
			path = Reporter;
			sourceTree = "<group>";
		};
		5EE29FA429B06E04008EF538 /* Utils */ = {
			isa = PBXGroup;
			children = (
				5EE29FA229B038BF008EF538 /* NPTCheckBox.swift */,
				5EE29FA529B06E19008EF538 /* String+Extension.swift */,
				5EE29FB629B0AA74008EF538 /* Color+Extension.swift */,
				5E67E67329B5FE71003D6AC2 /* Device+Extension.swift */,
				5E29F84729BF08990009E0EA /* NPTReachability.swift */,
			);
			path = Utils;
			sourceTree = "<group>";
		};
		5EE29FB129B09E4A008EF538 /* Person */ = {
			isa = PBXGroup;
			children = (
				5EE29FAF29B07B47008EF538 /* NPTPersonViewController.swift */,
				5EE29FB429B0A524008EF538 /* NPTNormalSettingViewController.swift */,
				5E67E66B29B57E55003D6AC2 /* NPTWebViewController.swift */,
				5E29F84529BEED170009E0EA /* NPTNetworkDetailView.swift */,
				5E38408129DAF7F600B4A1E6 /* NPTAboutViewController.swift */,
				5E6D1F742A09F97B003AA115 /* NPTBlackListViewController.swift */,
			);
			path = Person;
			sourceTree = "<group>";
		};
		5EEDA1DA29BF221900FDD10F /* Home */ = {
			isa = PBXGroup;
			children = (
				5E73C2D729AE0D2700868D97 /* NPTFeedbackViewController.swift */,
				5E73C2C729AE01AF00868D97 /* NPTHomeViewController.swift */,
				5E5E55F229C89366008838C6 /* NPTUserAgreementWindow.swift */,
			);
			path = Home;
			sourceTree = "<group>";
		};
		FCC5B1B0125DEEC4B233B2BA /* Frameworks */ = {
			isa = PBXGroup;
			children = (
				DF0953B18064C7A2CF843CAF /* Pods_LiveAudioRoom.framework */,
			);
			name = Frameworks;
			sourceTree = "<group>";
		};
/* End PBXGroup section */

/* Begin PBXNativeTarget section */
		5E73C2BF29AE01AF00868D97 /* LiveAudioRoom */ = {
			isa = PBXNativeTarget;
			buildConfigurationList = 5E73C2D429AE01B200868D97 /* Build configuration list for PBXNativeTarget "LiveAudioRoom" */;
			buildPhases = (
				1DE5A444B66F49B409C77701 /* [CP] Check Pods Manifest.lock */,
				5E73C2BC29AE01AF00868D97 /* Sources */,
				5E73C2BD29AE01AF00868D97 /* Frameworks */,
				5E73C2BE29AE01AF00868D97 /* Resources */,
				5EF1DDC22A15C5380059AF7C /* ShellScript */,
				8C397D7632C6597884C3C650 /* [CP] Embed Pods Frameworks */,
			);
			buildRules = (
			);
			dependencies = (
			);
			name = LiveAudioRoom;
			productName = NEParty;
			productReference = 5E73C2C029AE01AF00868D97 /* LiveAudioRoom.app */;
			productType = "com.apple.product-type.application";
		};
/* End PBXNativeTarget section */

/* Begin PBXProject section */
		5E73C2B829AE01AF00868D97 /* Project object */ = {
			isa = PBXProject;
			attributes = {
				BuildIndependentTargetsInParallel = 1;
				LastSwiftUpdateCheck = 1420;
				LastUpgradeCheck = 1330;
				TargetAttributes = {
					5E73C2BF29AE01AF00868D97 = {
						CreatedOnToolsVersion = 13.3.1;
						LastSwiftMigration = 1420;
					};
				};
			};
			buildConfigurationList = 5E73C2BB29AE01AF00868D97 /* Build configuration list for PBXProject "LiveAudioRoom" */;
			compatibilityVersion = "Xcode 13.0";
			developmentRegion = en;
			hasScannedForEncodings = 0;
			knownRegions = (
				en,
				Base,
				"zh-Hans",
			);
			mainGroup = 5E73C2B729AE01AF00868D97;
			productRefGroup = 5E73C2C129AE01AF00868D97 /* Products */;
			projectDirPath = "";
			projectRoot = "";
			targets = (
				5E73C2BF29AE01AF00868D97 /* LiveAudioRoom */,
			);
		};
/* End PBXProject section */

/* Begin PBXResourcesBuildPhase section */
		5E73C2BE29AE01AF00868D97 /* Resources */ = {
			isa = PBXResourcesBuildPhase;
			buildActionMask = 2147483647;
			files = (
				5E73C2D029AE01B200868D97 /* LaunchScreen.storyboard in Resources */,
				5E38407F29DAA88E00B4A1E6 /* InfoPlist.strings in Resources */,
				5E29361629B19FB100E61FA5 /* voiceRoom.json in Resources */,
				5EE29FA929B06EB4008EF538 /* Localizable.strings in Resources */,
				5E73C2CD29AE01B200868D97 /* Assets.xcassets in Resources */,
			);
			runOnlyForDeploymentPostprocessing = 0;
		};
/* End PBXResourcesBuildPhase section */

/* Begin PBXShellScriptBuildPhase section */
		1DE5A444B66F49B409C77701 /* [CP] Check Pods Manifest.lock */ = {
			isa = PBXShellScriptBuildPhase;
			buildActionMask = 2147483647;
			files = (
			);
			inputFileListPaths = (
			);
			inputPaths = (
				"${PODS_PODFILE_DIR_PATH}/Podfile.lock",
				"${PODS_ROOT}/Manifest.lock",
			);
			name = "[CP] Check Pods Manifest.lock";
			outputFileListPaths = (
			);
			outputPaths = (
				"$(DERIVED_FILE_DIR)/Pods-LiveAudioRoom-checkManifestLockResult.txt",
			);
			runOnlyForDeploymentPostprocessing = 0;
			shellPath = /bin/sh;
			shellScript = "diff \"${PODS_PODFILE_DIR_PATH}/Podfile.lock\" \"${PODS_ROOT}/Manifest.lock\" > /dev/null\nif [ $? != 0 ] ; then\n    # print error to STDERR\n    echo \"error: The sandbox is not in sync with the Podfile.lock. Run 'pod install' or update your CocoaPods installation.\" >&2\n    exit 1\nfi\n# This output is used by Xcode 'outputs' to avoid re-running this script phase.\necho \"SUCCESS\" > \"${SCRIPT_OUTPUT_FILE_0}\"\n";
			showEnvVarsInLog = 0;
		};
		5EF1DDC22A15C5380059AF7C /* ShellScript */ = {
			isa = PBXShellScriptBuildPhase;
			buildActionMask = 2147483647;
			files = (
			);
			inputFileListPaths = (
			);
			inputPaths = (
			);
			outputFileListPaths = (
			);
			outputPaths = (
			);
			runOnlyForDeploymentPostprocessing = 0;
			shellPath = /bin/sh;
			shellScript = "#!/bin/bash\n\n# 获取 git 版本号\nGIT_COMMIT=$(git rev-parse --short HEAD)\n\n# 修改 build 号和日期时间\n/usr/libexec/PlistBuddy -c \"Set :CFBundleVersion $GIT_COMMIT\" ${TARGET_BUILD_DIR}/${INFOPLIST_PATH}\n";
		};
		8C397D7632C6597884C3C650 /* [CP] Embed Pods Frameworks */ = {
			isa = PBXShellScriptBuildPhase;
			buildActionMask = 2147483647;
			files = (
			);
			inputFileListPaths = (
				"${PODS_ROOT}/Target Support Files/Pods-LiveAudioRoom/Pods-LiveAudioRoom-frameworks-${CONFIGURATION}-input-files.xcfilelist",
			);
			name = "[CP] Embed Pods Frameworks";
			outputFileListPaths = (
				"${PODS_ROOT}/Target Support Files/Pods-LiveAudioRoom/Pods-LiveAudioRoom-frameworks-${CONFIGURATION}-output-files.xcfilelist",
			);
			runOnlyForDeploymentPostprocessing = 0;
			shellPath = /bin/sh;
			shellScript = "\"${PODS_ROOT}/Target Support Files/Pods-LiveAudioRoom/Pods-LiveAudioRoom-frameworks.sh\"\n";
			showEnvVarsInLog = 0;
		};
/* End PBXShellScriptBuildPhase section */

/* Begin PBXSourcesBuildPhase section */
		5E73C2BC29AE01AF00868D97 /* Sources */ = {
			isa = PBXSourcesBuildPhase;
			buildActionMask = 2147483647;
			files = (
				EDCBACA22A6E207600589F75 /* AppKey.swift in Sources */,
				5E73C2D829AE0D2700868D97 /* NPTFeedbackViewController.swift in Sources */,
				5E6D1F752A09F97B003AA115 /* NPTBlackListViewController.swift in Sources */,
				5EE29FB729B0AA74008EF538 /* Color+Extension.swift in Sources */,
				5EE29FA329B038BF008EF538 /* NPTCheckBox.swift in Sources */,
				5E73C2C829AE01AF00868D97 /* NPTHomeViewController.swift in Sources */,
				5E67E66C29B57E55003D6AC2 /* NPTWebViewController.swift in Sources */,
				5EE29FA629B06E19008EF538 /* String+Extension.swift in Sources */,
				5E5E55F329C89366008838C6 /* NPTUserAgreementWindow.swift in Sources */,
				5EE29FB029B07B47008EF538 /* NPTPersonViewController.swift in Sources */,
				5E38408229DAF7F600B4A1E6 /* NPTAboutViewController.swift in Sources */,
				5E29F84629BEED170009E0EA /* NPTNetworkDetailView.swift in Sources */,
				5E73C2C429AE01AF00868D97 /* AppDelegate.swift in Sources */,
				5E67E67429B5FE71003D6AC2 /* Device+Extension.swift in Sources */,
				5E29F84829BF08990009E0EA /* NPTReachability.swift in Sources */,
				5EE29FB529B0A524008EF538 /* NPTNormalSettingViewController.swift in Sources */,
				EDCBACA42A6E4D1B00589F75 /* Configs.swift in Sources */,
			);
			runOnlyForDeploymentPostprocessing = 0;
		};
/* End PBXSourcesBuildPhase section */

/* Begin PBXVariantGroup section */
		5E38407D29DAA88E00B4A1E6 /* InfoPlist.strings */ = {
			isa = PBXVariantGroup;
			children = (
				5E38407E29DAA88E00B4A1E6 /* zh-Hans */,
				5E38408029DAA89A00B4A1E6 /* en */,
			);
			name = InfoPlist.strings;
			sourceTree = "<group>";
		};
		5E73C2CE29AE01B200868D97 /* LaunchScreen.storyboard */ = {
			isa = PBXVariantGroup;
			children = (
				5E73C2CF29AE01B200868D97 /* Base */,
				5EE29FAD29B06F08008EF538 /* zh-Hans */,
			);
			name = LaunchScreen.storyboard;
			sourceTree = "<group>";
		};
		5EE29FAB29B06EB4008EF538 /* Localizable.strings */ = {
			isa = PBXVariantGroup;
			children = (
				5EE29FAA29B06EB4008EF538 /* en */,
				5EE29FAE29B06F08008EF538 /* zh-Hans */,
			);
			name = Localizable.strings;
			sourceTree = "<group>";
		};
/* End PBXVariantGroup section */

/* Begin XCBuildConfiguration section */
		5E73C2D229AE01B200868D97 /* Debug */ = {
			isa = XCBuildConfiguration;
			buildSettings = {
				ALWAYS_SEARCH_USER_PATHS = NO;
				CLANG_ANALYZER_LOCALIZABILITY_NONLOCALIZED = YES;
				CLANG_ANALYZER_NONNULL = YES;
				CLANG_ANALYZER_NUMBER_OBJECT_CONVERSION = YES_AGGRESSIVE;
				CLANG_CXX_LANGUAGE_STANDARD = "gnu++17";
				CLANG_ENABLE_MODULES = YES;
				CLANG_ENABLE_OBJC_ARC = YES;
				CLANG_ENABLE_OBJC_WEAK = YES;
				CLANG_WARN_BLOCK_CAPTURE_AUTORELEASING = YES;
				CLANG_WARN_BOOL_CONVERSION = YES;
				CLANG_WARN_COMMA = YES;
				CLANG_WARN_CONSTANT_CONVERSION = YES;
				CLANG_WARN_DEPRECATED_OBJC_IMPLEMENTATIONS = YES;
				CLANG_WARN_DIRECT_OBJC_ISA_USAGE = YES_ERROR;
				CLANG_WARN_DOCUMENTATION_COMMENTS = YES;
				CLANG_WARN_EMPTY_BODY = YES;
				CLANG_WARN_ENUM_CONVERSION = YES;
				CLANG_WARN_INFINITE_RECURSION = YES;
				CLANG_WARN_INT_CONVERSION = YES;
				CLANG_WARN_NON_LITERAL_NULL_CONVERSION = YES;
				CLANG_WARN_OBJC_IMPLICIT_RETAIN_SELF = YES;
				CLANG_WARN_OBJC_LITERAL_CONVERSION = YES;
				CLANG_WARN_OBJC_ROOT_CLASS = YES_ERROR;
				CLANG_WARN_QUOTED_INCLUDE_IN_FRAMEWORK_HEADER = YES;
				CLANG_WARN_RANGE_LOOP_ANALYSIS = YES;
				CLANG_WARN_STRICT_PROTOTYPES = YES;
				CLANG_WARN_SUSPICIOUS_MOVE = YES;
				CLANG_WARN_UNGUARDED_AVAILABILITY = YES_AGGRESSIVE;
				CLANG_WARN_UNREACHABLE_CODE = YES;
				CLANG_WARN__DUPLICATE_METHOD_MATCH = YES;
				COPY_PHASE_STRIP = NO;
				DEBUG_INFORMATION_FORMAT = dwarf;
				ENABLE_STRICT_OBJC_MSGSEND = YES;
				ENABLE_TESTABILITY = YES;
				GCC_C_LANGUAGE_STANDARD = gnu11;
				GCC_DYNAMIC_NO_PIC = NO;
				GCC_NO_COMMON_BLOCKS = YES;
				GCC_OPTIMIZATION_LEVEL = 0;
				GCC_PREPROCESSOR_DEFINITIONS = (
					"DEBUG=1",
					"$(inherited)",
				);
				GCC_WARN_64_TO_32_BIT_CONVERSION = YES;
				GCC_WARN_ABOUT_RETURN_TYPE = YES_ERROR;
				GCC_WARN_UNDECLARED_SELECTOR = YES;
				GCC_WARN_UNINITIALIZED_AUTOS = YES_AGGRESSIVE;
				GCC_WARN_UNUSED_FUNCTION = YES;
				GCC_WARN_UNUSED_VARIABLE = YES;
				IPHONEOS_DEPLOYMENT_TARGET = 11.0;
				MTL_ENABLE_DEBUG_INFO = INCLUDE_SOURCE;
				MTL_FAST_MATH = YES;
				ONLY_ACTIVE_ARCH = YES;
				SDKROOT = iphoneos;
				SWIFT_ACTIVE_COMPILATION_CONDITIONS = DEBUG;
				SWIFT_OPTIMIZATION_LEVEL = "-Onone";
			};
			name = Debug;
		};
		5E73C2D329AE01B200868D97 /* Release */ = {
			isa = XCBuildConfiguration;
			buildSettings = {
				ALWAYS_SEARCH_USER_PATHS = NO;
				CLANG_ANALYZER_LOCALIZABILITY_NONLOCALIZED = YES;
				CLANG_ANALYZER_NONNULL = YES;
				CLANG_ANALYZER_NUMBER_OBJECT_CONVERSION = YES_AGGRESSIVE;
				CLANG_CXX_LANGUAGE_STANDARD = "gnu++17";
				CLANG_ENABLE_MODULES = YES;
				CLANG_ENABLE_OBJC_ARC = YES;
				CLANG_ENABLE_OBJC_WEAK = YES;
				CLANG_WARN_BLOCK_CAPTURE_AUTORELEASING = YES;
				CLANG_WARN_BOOL_CONVERSION = YES;
				CLANG_WARN_COMMA = YES;
				CLANG_WARN_CONSTANT_CONVERSION = YES;
				CLANG_WARN_DEPRECATED_OBJC_IMPLEMENTATIONS = YES;
				CLANG_WARN_DIRECT_OBJC_ISA_USAGE = YES_ERROR;
				CLANG_WARN_DOCUMENTATION_COMMENTS = YES;
				CLANG_WARN_EMPTY_BODY = YES;
				CLANG_WARN_ENUM_CONVERSION = YES;
				CLANG_WARN_INFINITE_RECURSION = YES;
				CLANG_WARN_INT_CONVERSION = YES;
				CLANG_WARN_NON_LITERAL_NULL_CONVERSION = YES;
				CLANG_WARN_OBJC_IMPLICIT_RETAIN_SELF = YES;
				CLANG_WARN_OBJC_LITERAL_CONVERSION = YES;
				CLANG_WARN_OBJC_ROOT_CLASS = YES_ERROR;
				CLANG_WARN_QUOTED_INCLUDE_IN_FRAMEWORK_HEADER = YES;
				CLANG_WARN_RANGE_LOOP_ANALYSIS = YES;
				CLANG_WARN_STRICT_PROTOTYPES = YES;
				CLANG_WARN_SUSPICIOUS_MOVE = YES;
				CLANG_WARN_UNGUARDED_AVAILABILITY = YES_AGGRESSIVE;
				CLANG_WARN_UNREACHABLE_CODE = YES;
				CLANG_WARN__DUPLICATE_METHOD_MATCH = YES;
				COPY_PHASE_STRIP = NO;
				DEBUG_INFORMATION_FORMAT = "dwarf-with-dsym";
				ENABLE_NS_ASSERTIONS = NO;
				ENABLE_STRICT_OBJC_MSGSEND = YES;
				GCC_C_LANGUAGE_STANDARD = gnu11;
				GCC_NO_COMMON_BLOCKS = YES;
				GCC_WARN_64_TO_32_BIT_CONVERSION = YES;
				GCC_WARN_ABOUT_RETURN_TYPE = YES_ERROR;
				GCC_WARN_UNDECLARED_SELECTOR = YES;
				GCC_WARN_UNINITIALIZED_AUTOS = YES_AGGRESSIVE;
				GCC_WARN_UNUSED_FUNCTION = YES;
				GCC_WARN_UNUSED_VARIABLE = YES;
				IPHONEOS_DEPLOYMENT_TARGET = 11.0;
				MTL_ENABLE_DEBUG_INFO = NO;
				MTL_FAST_MATH = YES;
				SDKROOT = iphoneos;
				SWIFT_COMPILATION_MODE = wholemodule;
				SWIFT_OPTIMIZATION_LEVEL = "-O";
				VALIDATE_PRODUCT = YES;
			};
			name = Release;
		};
		5E73C2D529AE01B200868D97 /* Debug */ = {
			isa = XCBuildConfiguration;
			baseConfigurationReference = 82276D255B993A4C9566E58C /* Pods-LiveAudioRoom.debug.xcconfig */;
			buildSettings = {
				ASSETCATALOG_COMPILER_APPICON_NAME = AppIcon;
				ASSETCATALOG_COMPILER_GLOBAL_ACCENT_COLOR_NAME = AccentColor;
				BUILD_LIBRARY_FOR_DISTRIBUTION = NO;
				CLANG_ENABLE_MODULES = YES;
				CODE_SIGN_ENTITLEMENTS = LiveAudioRoom/LiveAudioRoomDebug.entitlements;
				CODE_SIGN_IDENTITY = "Apple Development";
				CODE_SIGN_STYLE = Automatic;
				CURRENT_PROJECT_VERSION = 1;
				DEBUG_INFORMATION_FORMAT = "dwarf-with-dsym";
				DEVELOPMENT_TEAM = 7C9A6NRV5L;
				GENERATE_INFOPLIST_FILE = YES;
				INFOPLIST_FILE = LiveAudioRoom/Info.plist;
				INFOPLIST_KEY_CFBundleDisplayName = "云信语聊房";
				INFOPLIST_KEY_NSCameraUsageDescription = "用于体验音视频聊天功能";
				INFOPLIST_KEY_NSLocationAlwaysAndWhenInUseUsageDescription = "与您的朋友分享您的位置";
				INFOPLIST_KEY_NSLocationAlwaysUsageDescription = "与您的朋友分享您的位置";
				INFOPLIST_KEY_NSLocationWhenInUseUsageDescription = "与您的朋友分享您的位置";
				INFOPLIST_KEY_NSMicrophoneUsageDescription = "用于体验音视频聊天功能";
				INFOPLIST_KEY_NSPhotoLibraryUsageDescription = "用于体验图片发送功能";
				INFOPLIST_KEY_UIApplicationSupportsIndirectInputEvents = YES;
				INFOPLIST_KEY_UILaunchStoryboardName = LaunchScreen;
				INFOPLIST_KEY_UISupportedInterfaceOrientations = UIInterfaceOrientationPortrait;
				INFOPLIST_KEY_UIUserInterfaceStyle = Light;
				IPHONEOS_DEPLOYMENT_TARGET = 11.0;
				LD_RUNPATH_SEARCH_PATHS = (
					"$(inherited)",
					"@executable_path/Frameworks",
				);
				MARKETING_VERSION = 1.5.0;
				PRODUCT_BUNDLE_IDENTIFIER = com.netease.yunxin.app.chatroom;
				PRODUCT_NAME = "$(TARGET_NAME)";
				PROVISIONING_PROFILE_SPECIFIER = "";
				SUPPORTED_PLATFORMS = "iphoneos iphonesimulator";
				SUPPORTS_MACCATALYST = NO;
				SUPPORTS_MAC_DESIGNED_FOR_IPHONE_IPAD = NO;
				SWIFT_EMIT_LOC_STRINGS = YES;
				SWIFT_OBJC_BRIDGING_HEADER = "LiveAudioRoom/Reporter/LiveAudioRoom-Bridging-Header.h";
				SWIFT_OPTIMIZATION_LEVEL = "-Onone";
				SWIFT_VERSION = 5.0;
				TARGETED_DEVICE_FAMILY = 1;
			};
			name = Debug;
		};
		5E73C2D629AE01B200868D97 /* Release */ = {
			isa = XCBuildConfiguration;
			baseConfigurationReference = E069689C0C6FB810219FE19C /* Pods-LiveAudioRoom.release.xcconfig */;
			buildSettings = {
				ASSETCATALOG_COMPILER_APPICON_NAME = AppIcon;
				ASSETCATALOG_COMPILER_GLOBAL_ACCENT_COLOR_NAME = AccentColor;
				BUILD_LIBRARY_FOR_DISTRIBUTION = NO;
				CLANG_ENABLE_MODULES = YES;
				CODE_SIGN_ENTITLEMENTS = LiveAudioRoom/LiveAudioRoomRelease.entitlements;
				CODE_SIGN_IDENTITY = "Apple Development";
				CODE_SIGN_STYLE = Automatic;
				CURRENT_PROJECT_VERSION = 1;
				DEVELOPMENT_TEAM = 569GNZ5392;
				GENERATE_INFOPLIST_FILE = YES;
				INFOPLIST_FILE = LiveAudioRoom/Info.plist;
				INFOPLIST_KEY_CFBundleDisplayName = "云信语聊房";
				INFOPLIST_KEY_NSCameraUsageDescription = "用于体验音视频聊天功能";
				INFOPLIST_KEY_NSLocationAlwaysAndWhenInUseUsageDescription = "与您的朋友分享您的位置";
				INFOPLIST_KEY_NSLocationAlwaysUsageDescription = "与您的朋友分享您的位置";
				INFOPLIST_KEY_NSLocationWhenInUseUsageDescription = "与您的朋友分享您的位置";
				INFOPLIST_KEY_NSMicrophoneUsageDescription = "用于体验音视频聊天功能";
				INFOPLIST_KEY_NSPhotoLibraryUsageDescription = "用于体验图片发送功能";
				INFOPLIST_KEY_UIApplicationSupportsIndirectInputEvents = YES;
				INFOPLIST_KEY_UILaunchStoryboardName = LaunchScreen;
				INFOPLIST_KEY_UISupportedInterfaceOrientations = UIInterfaceOrientationPortrait;
				INFOPLIST_KEY_UIUserInterfaceStyle = Light;
				IPHONEOS_DEPLOYMENT_TARGET = 11.0;
				LD_RUNPATH_SEARCH_PATHS = (
					"$(inherited)",
					"@executable_path/Frameworks",
				);
				MARKETING_VERSION = 1.5.0;
				PRODUCT_BUNDLE_IDENTIFIER = com.netease.yunxin.app.party;
				PRODUCT_NAME = "$(TARGET_NAME)";
				PROVISIONING_PROFILE_SPECIFIER = "";
				SUPPORTED_PLATFORMS = "iphoneos iphonesimulator";
				SUPPORTS_MACCATALYST = NO;
				SUPPORTS_MAC_DESIGNED_FOR_IPHONE_IPAD = NO;
				SWIFT_EMIT_LOC_STRINGS = YES;
				SWIFT_OBJC_BRIDGING_HEADER = "LiveAudioRoom/Reporter/LiveAudioRoom-Bridging-Header.h";
				SWIFT_VERSION = 5.0;
				TARGETED_DEVICE_FAMILY = 1;
			};
			name = Release;
		};
/* End XCBuildConfiguration section */

/* Begin XCConfigurationList section */
		5E73C2BB29AE01AF00868D97 /* Build configuration list for PBXProject "LiveAudioRoom" */ = {
			isa = XCConfigurationList;
			buildConfigurations = (
				5E73C2D229AE01B200868D97 /* Debug */,
				5E73C2D329AE01B200868D97 /* Release */,
			);
			defaultConfigurationIsVisible = 0;
			defaultConfigurationName = Release;
		};
		5E73C2D429AE01B200868D97 /* Build configuration list for PBXNativeTarget "LiveAudioRoom" */ = {
			isa = XCConfigurationList;
			buildConfigurations = (
				5E73C2D529AE01B200868D97 /* Debug */,
				5E73C2D629AE01B200868D97 /* Release */,
			);
			defaultConfigurationIsVisible = 0;
			defaultConfigurationName = Release;
		};
/* End XCConfigurationList section */
	};
	rootObject = 5E73C2B829AE01AF00868D97 /* Project object */;
}
